# This file is autogenerated, do not edit; changes may be undone by the next 'dep ensure'.


[[projects]]
  name = "github.com/PuerkitoBio/goquery"
  packages = ["."]
  revision = "152b1a2c8f5d0340f658bb656032a39b94e52958"

[[projects]]
  name = "github.com/andybalholm/cascadia"
  packages = ["."]
  revision = "1c31af6f6c1a7b101ed05aacc7d8a738b43ae86e"

[[projects]]
  name = "github.com/davecgh/go-spew"
  packages = ["spew"]
  revision = "5215b55f46b2b919f50a1df0eaa5886afe4e3b3d"

[[projects]]
  branch = "master"
  name = "github.com/philipjkim/fastimage"
  packages = ["."]
  revision = "13c3aa766804edf75ff11d5872d8225f21227cd3"

[[projects]]
  name = "github.com/pmezard/go-difflib"
  packages = ["difflib"]
  revision = "792786c7400a136282c1664665ae0a8db921c6c2"
  version = "v1.0.0"

[[projects]]
  name = "github.com/stretchr/testify"
  packages = ["assert"]
  revision = "6fe211e493929a8aac0469b93f28b1d0688a9a3a"

[[projects]]
  name = "golang.org/x/net"
  packages = [
    "html",
    "html/atom"
  ]
  revision = "40d3034e575b6eafbca34e64224da61de35ae04c"

[solve-meta]
  analyzer-name = "dep"
  analyzer-version = 1
  inputs-digest = "6b254b7532d695f2d842e55792fae0080fec05e4427b2a8d52386e9edf9f5e98"
  solver-name = "gps-cdcl"
  solver-version = 1
