# This file is autogenerated, do not edit; changes may be undone by the next 'dep ensure'.


[[projects]]
  digest = "1:bff7b2530f02b143623e260c11df5cbf34e0faeaca6aa001a8be31f333518ca9"
  name = "github.com/PuerkitoBio/goquery"
  packages = ["."]
  pruneopts = "UT"
  revision = "a86ea073017a6beddef78c8659e7224e8ca634b0"
  version = "v1.4.0"

[[projects]]
  digest = "1:66b3310cf22cdc96c35ef84ede4f7b9b370971c4025f394c89a2638729653b11"
  name = "github.com/andybalholm/cascadia"
  packages = ["."]
  pruneopts = "UT"
  revision = "901648c87902174f774fac311d7f176f8647bdaa"
  version = "v1.0.0"

[[projects]]
  digest = "1:a2c1d0e43bd3baaa071d1b9ed72c27d78169b2b269f71c105ac4ba34b1be4a39"
  name = "github.com/davecgh/go-spew"
  packages = ["spew"]
  pruneopts = "UT"
  revision = "346938d642f2ec3594ed81d874461961cd0faa76"
  version = "v1.1.0"

[[projects]]
  branch = "master"
  digest = "1:856a99ab32d11e45a73404533160140d02369b20943d664c7f722ccb1dd5c8b8"
  name = "github.com/philipjkim/fastimage"
  packages = ["."]
  pruneopts = "UT"
  revision = "806cdf4a57cad810ba572829449135092debece5"

[[projects]]
  digest = "1:0028cb19b2e4c3112225cd871870f2d9cf49b9b4276531f03438a88e94be86fe"
  name = "github.com/pmezard/go-difflib"
  packages = ["difflib"]
  pruneopts = "UT"
  revision = "792786c7400a136282c1664665ae0a8db921c6c2"
  version = "v1.0.0"

[[projects]]
  digest = "1:f85e109eda8f6080877185d1c39e98dd8795e1780c08beca28304b87fd855a1c"
  name = "github.com/stretchr/testify"
  packages = ["assert"]
  pruneopts = "UT"
  revision = "12b6f73e6084dad08a7c6e575284b177ecafbc71"
  version = "v1.2.1"

[[projects]]
  branch = "master"
  digest = "1:0516820422512741f45f4e72d4ade116c1d1bf3bb2d846001d42f6787ec00f22"
  name = "golang.org/x/net"
  packages = [
    "html",
    "html/atom",
  ]
  pruneopts = "UT"
  revision = "dfa909b99c79129e1100513e5cd36307665e5723"

[solve-meta]
  analyzer-name = "dep"
  analyzer-version = 1
  input-imports = [
    "github.com/PuerkitoBio/goquery",
    "github.com/philipjkim/fastimage",
    "github.com/stretchr/testify/assert",
    "golang.org/x/net/html",
  ]
  solver-name = "gps-cdcl"
  solver-version = 1
